// !$*UTF8*$!
{
	archiveVersion = 1;
	classes = {
	};
	objectVersion = 56;
	objects = {

/* Begin PBXBuildFile section */
		D5344D912BC1321200239C33 /* AppDelegate.swift in Sources */ = {isa = PBXBuildFile; fileRef = D5344D902BC1321200239C33 /* AppDelegate.swift */; };
		D5344D932BC1321200239C33 /* SceneDelegate.swift in Sources */ = {isa = PBXBuildFile; fileRef = D5344D922BC1321200239C33 /* SceneDelegate.swift */; };
		D5344D952BC1321200239C33 /* ContentViewController.swift in Sources */ = {isa = PBXBuildFile; fileRef = D5344D942BC1321200239C33 /* ContentViewController.swift */; };
		D5344D9A2BC1321300239C33 /* Assets.xcassets in Resources */ = {isa = PBXBuildFile; fileRef = D5344D992BC1321300239C33 /* Assets.xcassets */; };
		D5344D9D2BC1321300239C33 /* LaunchScreen.storyboard in Resources */ = {isa = PBXBuildFile; fileRef = D5344D9B2BC1321300239C33 /* LaunchScreen.storyboard */; };
		D5344DA82BC3E9F200239C33 /* ContentCell.swift in Sources */ = {isa = PBXBuildFile; fileRef = D5344DA72BC3E9F200239C33 /* ContentCell.swift */; };
		D5344DAA2BC3F16400239C33 /* CustomFlowLayout.swift in Sources */ = {isa = PBXBuildFile; fileRef = D5344DA92BC3F16400239C33 /* CustomFlowLayout.swift */; };
		D5344DAF2BC3F26400239C33 /* UIViewController+Extensions.swift in Sources */ = {isa = PBXBuildFile; fileRef = D5344DAE2BC3F26400239C33 /* UIViewController+Extensions.swift */; };
		D5344DB12BC90F5D00239C33 /* DetailViewController.swift in Sources */ = {isa = PBXBuildFile; fileRef = D5344DB02BC90F5D00239C33 /* DetailViewController.swift */; };
		D5344DB32BC920FA00239C33 /* ContentModel.swift in Sources */ = {isa = PBXBuildFile; fileRef = D5344DB22BC920FA00239C33 /* ContentModel.swift */; };
		D5344DB52BC92AA200239C33 /* UserDefaultsManager.swift in Sources */ = {isa = PBXBuildFile; fileRef = D5344DB42BC92AA200239C33 /* UserDefaultsManager.swift */; };
		D5344DB72BC92F4800239C33 /* SearchHistoryViewController.swift in Sources */ = {isa = PBXBuildFile; fileRef = D5344DB62BC92F4800239C33 /* SearchHistoryViewController.swift */; };
		D5344DBB2BCAAEAC00239C33 /* ContentService.swift in Sources */ = {isa = PBXBuildFile; fileRef = D5344DBA2BCAAEAC00239C33 /* ContentService.swift */; };
		D5B72A962BCB1DD800B762EB /* CustomLabel.swift in Sources */ = {isa = PBXBuildFile; fileRef = D5B72A952BCB1DD800B762EB /* CustomLabel.swift */; };
/* End PBXBuildFile section */

/* Begin PBXFileReference section */
		D5344D8D2BC1321200239C33 /* СontentSearch-ios.app */ = {isa = PBXFileReference; explicitFileType = wrapper.application; includeInIndex = 0; path = "СontentSearch-ios.app"; sourceTree = BUILT_PRODUCTS_DIR; };
		D5344D902BC1321200239C33 /* AppDelegate.swift */ = {isa = PBXFileReference; lastKnownFileType = sourcecode.swift; path = AppDelegate.swift; sourceTree = "<group>"; };
		D5344D922BC1321200239C33 /* SceneDelegate.swift */ = {isa = PBXFileReference; lastKnownFileType = sourcecode.swift; path = SceneDelegate.swift; sourceTree = "<group>"; };
		D5344D942BC1321200239C33 /* ContentViewController.swift */ = {isa = PBXFileReference; lastKnownFileType = sourcecode.swift; path = ContentViewController.swift; sourceTree = "<group>"; };
		D5344D992BC1321300239C33 /* Assets.xcassets */ = {isa = PBXFileReference; lastKnownFileType = folder.assetcatalog; path = Assets.xcassets; sourceTree = "<group>"; };
		D5344D9C2BC1321300239C33 /* Base */ = {isa = PBXFileReference; lastKnownFileType = file.storyboard; name = Base; path = Base.lproj/LaunchScreen.storyboard; sourceTree = "<group>"; };
		D5344D9E2BC1321300239C33 /* Info.plist */ = {isa = PBXFileReference; lastKnownFileType = text.plist.xml; path = Info.plist; sourceTree = "<group>"; };
		D5344DA72BC3E9F200239C33 /* ContentCell.swift */ = {isa = PBXFileReference; lastKnownFileType = sourcecode.swift; path = ContentCell.swift; sourceTree = "<group>"; };
		D5344DA92BC3F16400239C33 /* CustomFlowLayout.swift */ = {isa = PBXFileReference; lastKnownFileType = sourcecode.swift; path = CustomFlowLayout.swift; sourceTree = "<group>"; };
		D5344DAE2BC3F26400239C33 /* UIViewController+Extensions.swift */ = {isa = PBXFileReference; lastKnownFileType = sourcecode.swift; path = "UIViewController+Extensions.swift"; sourceTree = "<group>"; };
		D5344DB02BC90F5D00239C33 /* DetailViewController.swift */ = {isa = PBXFileReference; lastKnownFileType = sourcecode.swift; path = DetailViewController.swift; sourceTree = "<group>"; };
		D5344DB22BC920FA00239C33 /* ContentModel.swift */ = {isa = PBXFileReference; lastKnownFileType = sourcecode.swift; path = ContentModel.swift; sourceTree = "<group>"; };
		D5344DB42BC92AA200239C33 /* UserDefaultsManager.swift */ = {isa = PBXFileReference; lastKnownFileType = sourcecode.swift; path = UserDefaultsManager.swift; sourceTree = "<group>"; };
		D5344DB62BC92F4800239C33 /* SearchHistoryViewController.swift */ = {isa = PBXFileReference; lastKnownFileType = sourcecode.swift; path = SearchHistoryViewController.swift; sourceTree = "<group>"; };
		D5344DBA2BCAAEAC00239C33 /* ContentService.swift */ = {isa = PBXFileReference; lastKnownFileType = sourcecode.swift; path = ContentService.swift; sourceTree = "<group>"; };
		D5B72A952BCB1DD800B762EB /* CustomLabel.swift */ = {isa = PBXFileReference; lastKnownFileType = sourcecode.swift; path = CustomLabel.swift; sourceTree = "<group>"; };
/* End PBXFileReference section */

/* Begin PBXFrameworksBuildPhase section */
		D5344D8A2BC1321200239C33 /* Frameworks */ = {
			isa = PBXFrameworksBuildPhase;
			buildActionMask = 2147483647;
			files = (
			);
			runOnlyForDeploymentPostprocessing = 0;
		};
/* End PBXFrameworksBuildPhase section */

/* Begin PBXGroup section */
		D5344D842BC1321200239C33 = {
			isa = PBXGroup;
			children = (
				D5344D8F2BC1321200239C33 /* СontentSearch-ios */,
				D5344D8E2BC1321200239C33 /* Products */,
			);
			sourceTree = "<group>";
		};
		D5344D8E2BC1321200239C33 /* Products */ = {
			isa = PBXGroup;
			children = (
				D5344D8D2BC1321200239C33 /* СontentSearch-ios.app */,
			);
			name = Products;
			sourceTree = "<group>";
		};
		D5344D8F2BC1321200239C33 /* СontentSearch-ios */ = {
			isa = PBXGroup;
			children = (
				D5344DA42BC1331500239C33 /* App */,
				D5B72A9D2BCBF81A00B762EB /* Models */,
				D5B72A9A2BCBF7C200B762EB /* Common */,
				D5344DAD2BC3F24E00239C33 /* Extensions */,
				D5344DA62BC1333700239C33 /* Screens */,
				D5344DA52BC1332300239C33 /* Resources */,
			);
			path = "СontentSearch-ios";
			sourceTree = "<group>";
		};
		D5344DA42BC1331500239C33 /* App */ = {
			isa = PBXGroup;
			children = (
				D5344D902BC1321200239C33 /* AppDelegate.swift */,
				D5344D922BC1321200239C33 /* SceneDelegate.swift */,
			);
			path = App;
			sourceTree = "<group>";
		};
		D5344DA52BC1332300239C33 /* Resources */ = {
			isa = PBXGroup;
			children = (
				D5344D992BC1321300239C33 /* Assets.xcassets */,
				D5344D9B2BC1321300239C33 /* LaunchScreen.storyboard */,
				D5344D9E2BC1321300239C33 /* Info.plist */,
			);
			path = Resources;
			sourceTree = "<group>";
		};
		D5344DA62BC1333700239C33 /* Screens */ = {
			isa = PBXGroup;
			children = (
				D5B72A972BCBF77F00B762EB /* Content */,
				D5B72A992BCBF7AD00B762EB /* Details */,
				D5B72A982BCBF7A000B762EB /* SearchHistory */,
			);
			path = Screens;
			sourceTree = "<group>";
		};
		D5344DAD2BC3F24E00239C33 /* Extensions */ = {
			isa = PBXGroup;
			children = (
				D5344DAE2BC3F26400239C33 /* UIViewController+Extensions.swift */,
			);
			path = Extensions;
			sourceTree = "<group>";
		};
		D5B72A972BCBF77F00B762EB /* Content */ = {
			isa = PBXGroup;
			children = (
				D5344D942BC1321200239C33 /* ContentViewController.swift */,
				D5344DA72BC3E9F200239C33 /* ContentCell.swift */,
			);
			path = Content;
			sourceTree = "<group>";
		};
		D5B72A982BCBF7A000B762EB /* SearchHistory */ = {
			isa = PBXGroup;
			children = (
				D5344DB62BC92F4800239C33 /* SearchHistoryViewController.swift */,
			);
			path = SearchHistory;
			sourceTree = "<group>";
		};
		D5B72A992BCBF7AD00B762EB /* Details */ = {
			isa = PBXGroup;
			children = (
				D5344DB02BC90F5D00239C33 /* DetailViewController.swift */,
			);
			path = Details;
			sourceTree = "<group>";
		};
		D5B72A9A2BCBF7C200B762EB /* Common */ = {
			isa = PBXGroup;
			children = (
				D5B72A9C2BCBF7D700B762EB /* Services */,
				D5B72A9B2BCBF7C700B762EB /* Components */,
			);
			path = Common;
			sourceTree = "<group>";
		};
		D5B72A9B2BCBF7C700B762EB /* Components */ = {
			isa = PBXGroup;
			children = (
				D5B72A952BCB1DD800B762EB /* CustomLabel.swift */,
				D5344DA92BC3F16400239C33 /* CustomFlowLayout.swift */,
			);
			path = Components;
			sourceTree = "<group>";
		};
		D5B72A9C2BCBF7D700B762EB /* Services */ = {
			isa = PBXGroup;
			children = (
				D5344DBA2BCAAEAC00239C33 /* ContentService.swift */,
				D5344DB42BC92AA200239C33 /* UserDefaultsManager.swift */,
			);
			path = Services;
			sourceTree = "<group>";
		};
		D5B72A9D2BCBF81A00B762EB /* Models */ = {
			isa = PBXGroup;
			children = (
				D5344DB22BC920FA00239C33 /* ContentModel.swift */,
			);
			path = Models;
			sourceTree = "<group>";
		};
/* End PBXGroup section */

/* Begin PBXNativeTarget section */
		D5344D8C2BC1321200239C33 /* СontentSearch-ios */ = {
			isa = PBXNativeTarget;
			buildConfigurationList = D5344DA12BC1321300239C33 /* Build configuration list for PBXNativeTarget "СontentSearch-ios" */;
			buildPhases = (
				D5344D892BC1321200239C33 /* Sources */,
				D5344D8A2BC1321200239C33 /* Frameworks */,
				D5344D8B2BC1321200239C33 /* Resources */,
			);
			buildRules = (
			);
			dependencies = (
			);
			name = "СontentSearch-ios";
			productName = "СontentSearch-ios";
			productReference = D5344D8D2BC1321200239C33 /* СontentSearch-ios.app */;
			productType = "com.apple.product-type.application";
		};
/* End PBXNativeTarget section */

/* Begin PBXProject section */
		D5344D852BC1321200239C33 /* Project object */ = {
			isa = PBXProject;
			attributes = {
				BuildIndependentTargetsInParallel = 1;
				LastSwiftUpdateCheck = 1520;
				LastUpgradeCheck = 1520;
				TargetAttributes = {
					D5344D8C2BC1321200239C33 = {
						CreatedOnToolsVersion = 15.2;
					};
				};
			};
			buildConfigurationList = D5344D882BC1321200239C33 /* Build configuration list for PBXProject "СontentSearch-ios" */;
			compatibilityVersion = "Xcode 14.0";
			developmentRegion = en;
			hasScannedForEncodings = 0;
			knownRegions = (
				en,
				Base,
			);
			mainGroup = D5344D842BC1321200239C33;
			productRefGroup = D5344D8E2BC1321200239C33 /* Products */;
			projectDirPath = "";
			projectRoot = "";
			targets = (
				D5344D8C2BC1321200239C33 /* СontentSearch-ios */,
			);
		};
/* End PBXProject section */

/* Begin PBXResourcesBuildPhase section */
		D5344D8B2BC1321200239C33 /* Resources */ = {
			isa = PBXResourcesBuildPhase;
			buildActionMask = 2147483647;
			files = (
				D5344D9D2BC1321300239C33 /* LaunchScreen.storyboard in Resources */,
				D5344D9A2BC1321300239C33 /* Assets.xcassets in Resources */,
			);
			runOnlyForDeploymentPostprocessing = 0;
		};
/* End PBXResourcesBuildPhase section */

/* Begin PBXSourcesBuildPhase section */
		D5344D892BC1321200239C33 /* Sources */ = {
			isa = PBXSourcesBuildPhase;
			buildActionMask = 2147483647;
			files = (
				D5344DB52BC92AA200239C33 /* UserDefaultsManager.swift in Sources */,
				D5344D952BC1321200239C33 /* ContentViewController.swift in Sources */,
				D5344D912BC1321200239C33 /* AppDelegate.swift in Sources */,
				D5344DAF2BC3F26400239C33 /* UIViewController+Extensions.swift in Sources */,
				D5344DB72BC92F4800239C33 /* SearchHistoryViewController.swift in Sources */,
				D5344D932BC1321200239C33 /* SceneDelegate.swift in Sources */,
				D5344DAA2BC3F16400239C33 /* CustomFlowLayout.swift in Sources */,
				D5344DA82BC3E9F200239C33 /* ContentCell.swift in Sources */,
				D5B72A962BCB1DD800B762EB /* CustomLabel.swift in Sources */,
				D5344DB12BC90F5D00239C33 /* DetailViewController.swift in Sources */,
				D5344DB32BC920FA00239C33 /* ContentModel.swift in Sources */,
				D5344DBB2BCAAEAC00239C33 /* ContentService.swift in Sources */,
			);
			runOnlyForDeploymentPostprocessing = 0;
		};
/* End PBXSourcesBuildPhase section */

/* Begin PBXVariantGroup section */
		D5344D9B2BC1321300239C33 /* LaunchScreen.storyboard */ = {
			isa = PBXVariantGroup;
			children = (
				D5344D9C2BC1321300239C33 /* Base */,
			);
			name = LaunchScreen.storyboard;
			sourceTree = "<group>";
		};
/* End PBXVariantGroup section */

/* Begin XCBuildConfiguration section */
		D5344D9F2BC1321300239C33 /* Debug */ = {
			isa = XCBuildConfiguration;
			buildSettings = {
				ALWAYS_SEARCH_USER_PATHS = NO;
				ASSETCATALOG_COMPILER_GENERATE_SWIFT_ASSET_SYMBOL_EXTENSIONS = YES;
				CLANG_ANALYZER_NONNULL = YES;
				CLANG_ANALYZER_NUMBER_OBJECT_CONVERSION = YES_AGGRESSIVE;
				CLANG_CXX_LANGUAGE_STANDARD = "gnu++20";
				CLANG_ENABLE_MODULES = YES;
				CLANG_ENABLE_OBJC_ARC = YES;
				CLANG_ENABLE_OBJC_WEAK = YES;
				CLANG_WARN_BLOCK_CAPTURE_AUTORELEASING = YES;
				CLANG_WARN_BOOL_CONVERSION = YES;
				CLANG_WARN_COMMA = YES;
				CLANG_WARN_CONSTANT_CONVERSION = YES;
				CLANG_WARN_DEPRECATED_OBJC_IMPLEMENTATIONS = YES;
				CLANG_WARN_DIRECT_OBJC_ISA_USAGE = YES_ERROR;
				CLANG_WARN_DOCUMENTATION_COMMENTS = YES;
				CLANG_WARN_EMPTY_BODY = YES;
				CLANG_WARN_ENUM_CONVERSION = YES;
				CLANG_WARN_INFINITE_RECURSION = YES;
				CLANG_WARN_INT_CONVERSION = YES;
				CLANG_WARN_NON_LITERAL_NULL_CONVERSION = YES;
				CLANG_WARN_OBJC_IMPLICIT_RETAIN_SELF = YES;
				CLANG_WARN_OBJC_LITERAL_CONVERSION = YES;
				CLANG_WARN_OBJC_ROOT_CLASS = YES_ERROR;
				CLANG_WARN_QUOTED_INCLUDE_IN_FRAMEWORK_HEADER = YES;
				CLANG_WARN_RANGE_LOOP_ANALYSIS = YES;
				CLANG_WARN_STRICT_PROTOTYPES = YES;
				CLANG_WARN_SUSPICIOUS_MOVE = YES;
				CLANG_WARN_UNGUARDED_AVAILABILITY = YES_AGGRESSIVE;
				CLANG_WARN_UNREACHABLE_CODE = YES;
				CLANG_WARN__DUPLICATE_METHOD_MATCH = YES;
				COPY_PHASE_STRIP = NO;
				DEBUG_INFORMATION_FORMAT = dwarf;
				ENABLE_STRICT_OBJC_MSGSEND = YES;
				ENABLE_TESTABILITY = YES;
				ENABLE_USER_SCRIPT_SANDBOXING = YES;
				GCC_C_LANGUAGE_STANDARD = gnu17;
				GCC_DYNAMIC_NO_PIC = NO;
				GCC_NO_COMMON_BLOCKS = YES;
				GCC_OPTIMIZATION_LEVEL = 0;
				GCC_PREPROCESSOR_DEFINITIONS = (
					"DEBUG=1",
					"$(inherited)",
				);
				GCC_WARN_64_TO_32_BIT_CONVERSION = YES;
				GCC_WARN_ABOUT_RETURN_TYPE = YES_ERROR;
				GCC_WARN_UNDECLARED_SELECTOR = YES;
				GCC_WARN_UNINITIALIZED_AUTOS = YES_AGGRESSIVE;
				GCC_WARN_UNUSED_FUNCTION = YES;
				GCC_WARN_UNUSED_VARIABLE = YES;
				IPHONEOS_DEPLOYMENT_TARGET = 17.2;
				LOCALIZATION_PREFERS_STRING_CATALOGS = YES;
				MTL_ENABLE_DEBUG_INFO = INCLUDE_SOURCE;
				MTL_FAST_MATH = YES;
				ONLY_ACTIVE_ARCH = YES;
				SDKROOT = iphoneos;
				SWIFT_ACTIVE_COMPILATION_CONDITIONS = "DEBUG $(inherited)";
				SWIFT_OPTIMIZATION_LEVEL = "-Onone";
			};
			name = Debug;
		};
		D5344DA02BC1321300239C33 /* Release */ = {
			isa = XCBuildConfiguration;
			buildSettings = {
				ALWAYS_SEARCH_USER_PATHS = NO;
				ASSETCATALOG_COMPILER_GENERATE_SWIFT_ASSET_SYMBOL_EXTENSIONS = YES;
				CLANG_ANALYZER_NONNULL = YES;
				CLANG_ANALYZER_NUMBER_OBJECT_CONVERSION = YES_AGGRESSIVE;
				CLANG_CXX_LANGUAGE_STANDARD = "gnu++20";
				CLANG_ENABLE_MODULES = YES;
				CLANG_ENABLE_OBJC_ARC = YES;
				CLANG_ENABLE_OBJC_WEAK = YES;
				CLANG_WARN_BLOCK_CAPTURE_AUTORELEASING = YES;
				CLANG_WARN_BOOL_CONVERSION = YES;
				CLANG_WARN_COMMA = YES;
				CLANG_WARN_CONSTANT_CONVERSION = YES;
				CLANG_WARN_DEPRECATED_OBJC_IMPLEMENTATIONS = YES;
				CLANG_WARN_DIRECT_OBJC_ISA_USAGE = YES_ERROR;
				CLANG_WARN_DOCUMENTATION_COMMENTS = YES;
				CLANG_WARN_EMPTY_BODY = YES;
				CLANG_WARN_ENUM_CONVERSION = YES;
				CLANG_WARN_INFINITE_RECURSION = YES;
				CLANG_WARN_INT_CONVERSION = YES;
				CLANG_WARN_NON_LITERAL_NULL_CONVERSION = YES;
				CLANG_WARN_OBJC_IMPLICIT_RETAIN_SELF = YES;
				CLANG_WARN_OBJC_LITERAL_CONVERSION = YES;
				CLANG_WARN_OBJC_ROOT_CLASS = YES_ERROR;
				CLANG_WARN_QUOTED_INCLUDE_IN_FRAMEWORK_HEADER = YES;
				CLANG_WARN_RANGE_LOOP_ANALYSIS = YES;
				CLANG_WARN_STRICT_PROTOTYPES = YES;
				CLANG_WARN_SUSPICIOUS_MOVE = YES;
				CLANG_WARN_UNGUARDED_AVAILABILITY = YES_AGGRESSIVE;
				CLANG_WARN_UNREACHABLE_CODE = YES;
				CLANG_WARN__DUPLICATE_METHOD_MATCH = YES;
				COPY_PHASE_STRIP = NO;
				DEBUG_INFORMATION_FORMAT = "dwarf-with-dsym";
				ENABLE_NS_ASSERTIONS = NO;
				ENABLE_STRICT_OBJC_MSGSEND = YES;
				ENABLE_USER_SCRIPT_SANDBOXING = YES;
				GCC_C_LANGUAGE_STANDARD = gnu17;
				GCC_NO_COMMON_BLOCKS = YES;
				GCC_WARN_64_TO_32_BIT_CONVERSION = YES;
				GCC_WARN_ABOUT_RETURN_TYPE = YES_ERROR;
				GCC_WARN_UNDECLARED_SELECTOR = YES;
				GCC_WARN_UNINITIALIZED_AUTOS = YES_AGGRESSIVE;
				GCC_WARN_UNUSED_FUNCTION = YES;
				GCC_WARN_UNUSED_VARIABLE = YES;
				IPHONEOS_DEPLOYMENT_TARGET = 17.2;
				LOCALIZATION_PREFERS_STRING_CATALOGS = YES;
				MTL_ENABLE_DEBUG_INFO = NO;
				MTL_FAST_MATH = YES;
				SDKROOT = iphoneos;
				SWIFT_COMPILATION_MODE = wholemodule;
				VALIDATE_PRODUCT = YES;
			};
			name = Release;
		};
		D5344DA22BC1321300239C33 /* Debug */ = {
			isa = XCBuildConfiguration;
			buildSettings = {
				ASSETCATALOG_COMPILER_APPICON_NAME = AppIcon;
				ASSETCATALOG_COMPILER_GLOBAL_ACCENT_COLOR_NAME = AccentColor;
				CODE_SIGN_STYLE = Automatic;
				CURRENT_PROJECT_VERSION = 1;
				DEVELOPMENT_TEAM = N59AC9US2Q;
				GENERATE_INFOPLIST_FILE = YES;
				INFOPLIST_FILE = "СontentSearch-ios/Resources/Info.plist";
				INFOPLIST_KEY_UIApplicationSupportsIndirectInputEvents = YES;
				INFOPLIST_KEY_UILaunchStoryboardName = LaunchScreen;
				INFOPLIST_KEY_UISupportedInterfaceOrientations_iPad = "UIInterfaceOrientationPortrait UIInterfaceOrientationPortraitUpsideDown UIInterfaceOrientationLandscapeLeft UIInterfaceOrientationLandscapeRight";
				INFOPLIST_KEY_UISupportedInterfaceOrientations_iPhone = "UIInterfaceOrientationPortrait UIInterfaceOrientationLandscapeLeft UIInterfaceOrientationLandscapeRight";
				LD_RUNPATH_SEARCH_PATHS = (
					"$(inherited)",
					"@executable_path/Frameworks",
				);
				MARKETING_VERSION = 1.0;
				PRODUCT_BUNDLE_IDENTIFIER = "ru.t1k1.-ontentSearch-ios";
				PRODUCT_NAME = "$(TARGET_NAME)";
				SWIFT_EMIT_LOC_STRINGS = YES;
				SWIFT_VERSION = 5.0;
				TARGETED_DEVICE_FAMILY = "1,2";
			};
			name = Debug;
		};
		D5344DA32BC1321300239C33 /* Release */ = {
			isa = XCBuildConfiguration;
			buildSettings = {
				ASSETCATALOG_COMPILER_APPICON_NAME = AppIcon;
				ASSETCATALOG_COMPILER_GLOBAL_ACCENT_COLOR_NAME = AccentColor;
				CODE_SIGN_STYLE = Automatic;
				CURRENT_PROJECT_VERSION = 1;
				DEVELOPMENT_TEAM = N59AC9US2Q;
				GENERATE_INFOPLIST_FILE = YES;
				INFOPLIST_FILE = "СontentSearch-ios/Resources/Info.plist";
				INFOPLIST_KEY_UIApplicationSupportsIndirectInputEvents = YES;
				INFOPLIST_KEY_UILaunchStoryboardName = LaunchScreen;
				INFOPLIST_KEY_UISupportedInterfaceOrientations_iPad = "UIInterfaceOrientationPortrait UIInterfaceOrientationPortraitUpsideDown UIInterfaceOrientationLandscapeLeft UIInterfaceOrientationLandscapeRight";
				INFOPLIST_KEY_UISupportedInterfaceOrientations_iPhone = "UIInterfaceOrientationPortrait UIInterfaceOrientationLandscapeLeft UIInterfaceOrientationLandscapeRight";
				LD_RUNPATH_SEARCH_PATHS = (
					"$(inherited)",
					"@executable_path/Frameworks",
				);
				MARKETING_VERSION = 1.0;
				PRODUCT_BUNDLE_IDENTIFIER = "ru.t1k1.-ontentSearch-ios";
				PRODUCT_NAME = "$(TARGET_NAME)";
				SWIFT_EMIT_LOC_STRINGS = YES;
				SWIFT_VERSION = 5.0;
				TARGETED_DEVICE_FAMILY = "1,2";
			};
			name = Release;
		};
/* End XCBuildConfiguration section */

/* Begin XCConfigurationList section */
		D5344D882BC1321200239C33 /* Build configuration list for PBXProject "СontentSearch-ios" */ = {
			isa = XCConfigurationList;
			buildConfigurations = (
				D5344D9F2BC1321300239C33 /* Debug */,
				D5344DA02BC1321300239C33 /* Release */,
			);
			defaultConfigurationIsVisible = 0;
			defaultConfigurationName = Release;
		};
		D5344DA12BC1321300239C33 /* Build configuration list for PBXNativeTarget "СontentSearch-ios" */ = {
			isa = XCConfigurationList;
			buildConfigurations = (
				D5344DA22BC1321300239C33 /* Debug */,
				D5344DA32BC1321300239C33 /* Release */,
			);
			defaultConfigurationIsVisible = 0;
			defaultConfigurationName = Release;
		};
/* End XCConfigurationList section */
	};
	rootObject = D5344D852BC1321200239C33 /* Project object */;
}
